
Microsoft Visual Studio Solution File, Format Version 12.00
# Visual Studio Version 17
VisualStudioVersion = 17.9.34728.123
MinimumVisualStudioVersion = 10.0.40219.1
Project("{8BC9CEB8-8B4A-11D0-8D11-00A0C91BC942}") = "Task01_MASM", "Task01_MASM\Task01_MASM.vcxproj", "{B04FAB32-E480-4774-B587-8DEA46C0E56D}"
EndProject
Project("{8BC9CEB8-8B4A-11D0-8D11-00A0C91BC942}") = "Task02_MOV", "Task02_MOV\Task02_MOV.vcxproj", "{1FCA1E21-3AD5-46DB-B794-0E03CEAF5647}"
EndProject
Project("{8BC9CEB8-8B4A-11D0-8D11-00A0C91BC942}") = "Task03_constants_EQU", "Task03_constants_EQU\Task03_constants_EQU.vcxproj", "{A96250BC-E908-4B15-87ED-EB00DFF1F25C}"
EndProject
Project("{8BC9CEB8-8B4A-11D0-8D11-00A0C91BC942}") = "Task04_exchange_data_XCHG", "Task04_exchange_data_XCHG\Task04_exchange_data_XCHG.vcxproj", "{39AE7759-3ADF-4562-B3DB-E06E7F7B28C7}"
EndProject
Project("{8BC9CEB8-8B4A-11D0-8D11-00A0C91BC942}") = "Task05_ADD_SUB", "Task05_ADD_SUB\Task05_ADD_SUB.vcxproj", "{7A93CF9E-DEBA-4EAE-A4BC-207770314912}"
EndProject
Project("{8BC9CEB8-8B4A-11D0-8D11-00A0C91BC942}") = "Task06_INC_DEC_NEG", "Task06_INC_DEC_NEG\Task06_INC_DEC_NEG.vcxproj", "{D538EC7A-8699-4DAA-BDBE-87E5E376B282}"
EndProject
Project("{2150E333-8FDC-42A3-9474-1A3956D46DE8}") = "01_Getting_Started", "01_Getting_Started", "{C2A25F8E-C35D-4230-BF65-066266D14F92}"
EndProject
Project("{2150E333-8FDC-42A3-9474-1A3956D46DE8}") = "02_Performing_Arithmetic", "02_Performing_Arithmetic", "{AE51AA4A-A7F7-4B33-9424-159802880A6A}"
EndProject
Project("{8BC9CEB8-8B4A-11D0-8D11-00A0C91BC942}") = "Task07_MUL_DIV", "Task07_MUL_DIV\Task07_MUL_DIV.vcxproj", "{83972264-FDF5-4E97-B3AA-2CC32A9544EB}"
EndProject
Project("{8BC9CEB8-8B4A-11D0-8D11-00A0C91BC942}") = "Task08_IMUL", "Task08_IMUL\Task08_IMUL.vcxproj", "{6632E9C3-FAED-450B-AD1D-297366E2AC17}"
EndProject
Project("{8BC9CEB8-8B4A-11D0-8D11-00A0C91BC942}") = "Task09_IDIV", "Task09_IDIV\Task09_IDIV.vcxproj", "{CFAB1A70-24F0-48BE-94C7-4D94C66C4300}"
EndProject
Project("{8BC9CEB8-8B4A-11D0-8D11-00A0C91BC942}") = "Task10_bitwise_ops", "Task10_bitwise_ops\Task10_bitwise_ops.vcxproj", "{58544CA6-0BF6-4C2C-816B-6F2E5E4F422F}"
EndProject
Project("{8BC9CEB8-8B4A-11D0-8D11-00A0C91BC942}") = "Task11_shift", "Task11_shift\Task11_shift.vcxproj", "{84AC7F5A-9A09-40DD-8E81-5CD1BC193344}"
EndProject
Project("{8BC9CEB8-8B4A-11D0-8D11-00A0C91BC942}") = "Task12_rotate", "Task12_rotate\Task12_rotate.vcxproj", "{54CC0A7F-AECA-425E-BF01-33E542997E9E}"
EndProject
Project("{8BC9CEB8-8B4A-11D0-8D11-00A0C91BC942}") = "Task13_flags", "Task13_flags\Task13_flags.vcxproj", "{FFACACB0-BF55-415E-B425-FC4529CE64CB}"
EndProject
Project("{2150E333-8FDC-42A3-9474-1A3956D46DE8}") = "03_Directing_Flow", "03_Directing_Flow", "{67525022-4EB8-4B6C-A254-F0FC9ECC8F9F}"
EndProject
Project("{8BC9CEB8-8B4A-11D0-8D11-00A0C91BC942}") = "Task14_JMP", "Task14_JMP\Task14_JMP.vcxproj", "{83354322-2342-491E-AC1D-ACE89A9F2910}"
EndProject
Project("{8BC9CEB8-8B4A-11D0-8D11-00A0C91BC942}") = "Task15_TEST", "Task15_TEST\Task15_TEST.vcxproj", "{A30DC4EF-BB80-43A9-B0E6-F8C40B39A92F}"
EndProject
Project("{8BC9CEB8-8B4A-11D0-8D11-00A0C91BC942}") = "Task16_JMP_conditional", "Task16_JMP_conditional\Task16_JMP_conditional.vcxproj", "{CB12B8FB-4686-4A87-B311-A94AAEE79A38}"
EndProject
Project("{8BC9CEB8-8B4A-11D0-8D11-00A0C91BC942}") = "Task17_CMP", "Task17_CMP\Task17_CMP.vcxproj", "{3DFAAE3F-B8C1-4021-A7B2-3126A636C29F}"
EndProject
Project("{8BC9CEB8-8B4A-11D0-8D11-00A0C91BC942}") = "Task18_CMP_sign", "Task18_CMP_sign\Task18_CMP_sign.vcxproj", "{0113A118-271E-48C4-87B6-A6461D2D71E3}"
EndProject
Project("{8BC9CEB8-8B4A-11D0-8D11-00A0C91BC942}") = "Task19_LOOP", "Task19_LOOP\Task19_LOOP.vcxproj", "{6B23301D-4ECB-483E-90B8-F2BBBDBD1094}"
EndProject
Project("{2150E333-8FDC-42A3-9474-1A3956D46DE8}") = "04_Addressing_Modes", "04_Addressing_Modes", "{A72E4C7E-D5C3-4365-8365-510F99368E40}"
EndProject
Project("{8BC9CEB8-8B4A-11D0-8D11-00A0C91BC942}") = "Task20_LEA", "Task20_LEA\Task20_LEA.vcxproj", "{EA492F4B-8DDF-429D-840B-CD16962BCA87}"
EndProject
Project("{8BC9CEB8-8B4A-11D0-8D11-00A0C91BC942}") = "Task21_addressing_by_offset", "Task21_addressing_by_offset\Task21_addressing_by_offset.vcxproj", "{7A5EF828-0753-487E-8EF7-D27FEB7C2334}"
EndProject
Project("{8BC9CEB8-8B4A-11D0-8D11-00A0C91BC942}") = "Task22_addressing_by_order", "Task22_addressing_by_order\Task22_addressing_by_order.vcxproj", "{E83B55E6-324C-4FE7-9488-3538545BF899}"
EndProject
Project("{8BC9CEB8-8B4A-11D0-8D11-00A0C91BC942}") = "Task23_addressing_source_index", "Task23_addressing_source_index\Task23_addressing_source_index.vcxproj", "{EA4F1C9C-C6A5-4FD5-8CB1-D94B3655C7FB}"
EndProject
Project("{8BC9CEB8-8B4A-11D0-8D11-00A0C91BC942}") = "Task24_addresing_destination_index", "Task24_addresing_destination_index\Task24_addresing_destination_index.vcxproj", "{84086F6E-B3B7-46B2-AF90-21D7BB0C4C45}"
EndProject
Project("{8BC9CEB8-8B4A-11D0-8D11-00A0C91BC942}") = "Task25_MOVS", "Task25_MOVS\Task25_MOVS.vcxproj", "{77504067-B43B-4BB5-A5F6-F623D7AFCBAF}"
EndProject
Project("{2150E333-8FDC-42A3-9474-1A3956D46DE8}") = "05_Handling_Strings", "05_Handling_Strings", "{5F119199-2530-4277-8B3A-5C5EBC21442D}"
EndProject
Project("{8BC9CEB8-8B4A-11D0-8D11-00A0C91BC942}") = "Task26_STOS", "Task26_STOS\Task26_STOS.vcxproj", "{BCA1CAC3-5F53-4959-AA57-B827930ADC4D}"
EndProject
Project("{8BC9CEB8-8B4A-11D0-8D11-00A0C91BC942}") = "Task27_SCAS", "Task27_SCAS\Task27_SCAS.vcxproj", "{500AF9E9-F547-4F0C-974D-632EDCF8BBC8}"
EndProject
Project("{8BC9CEB8-8B4A-11D0-8D11-00A0C91BC942}") = "Task28_LODS", "Task28_LODS\Task28_LODS.vcxproj", "{0EA7C636-19B3-4E21-95DC-59FE82EA6038}"
EndProject
Project("{8BC9CEB8-8B4A-11D0-8D11-00A0C91BC942}") = "Task29_CMPS", "Task29_CMPS\Task29_CMPS.vcxproj", "{A03D2C5C-3286-43AB-861D-311A34983D10}"
EndProject
Project("{8BC9CEB8-8B4A-11D0-8D11-00A0C91BC942}") = "Task30_stack", "Task30_stack\Task30_stack.vcxproj", "{06FDA048-5755-45C3-A3A8-806607D5D392}"
EndProject
Project("{2150E333-8FDC-42A3-9474-1A3956D46DE8}") = "06_Building_Blocks", "06_Building_Blocks", "{5F466DAF-43D3-492F-82A2-192E2BE4A441}"
EndProject
Project("{8BC9CEB8-8B4A-11D0-8D11-00A0C91BC942}") = "Task31_PROC", "Task31_PROC\Task31_PROC.vcxproj", "{8594CFD3-77B5-4427-BF37-8BAC66C885A4}"
EndProject
Project("{8BC9CEB8-8B4A-11D0-8D11-00A0C91BC942}") = "Task32_args", "Task32_args\Task32_args.vcxproj", "{743A170C-FD4F-491F-80F8-B4D1D96CAC9D}"
EndProject
Project("{8BC9CEB8-8B4A-11D0-8D11-00A0C91BC942}") = "Task33_params", "Task33_params\Task33_params.vcxproj", "{EFBE5364-7367-4206-BE9E-2A2F69C83C2B}"
EndProject
Project("{8BC9CEB8-8B4A-11D0-8D11-00A0C91BC942}") = "Task34_frame", "Task34_frame\Task34_frame.vcxproj", "{49C6D7FC-A655-48F5-A9A5-627C820DEEF4}"
EndProject
Project("{8BC9CEB8-8B4A-11D0-8D11-00A0C91BC942}") = "Task35_recursion", "Task35_recursion\Task35_recursion.vcxproj", "{D7ECD180-3138-4622-A2AC-BAEA748EA1AF}"
EndProject
Project("{2150E333-8FDC-42A3-9474-1A3956D46DE8}") = "07_Expanding_Macros", "07_Expanding_Macros", "{5E974188-8102-4350-8423-53C3666B740B}"
EndProject
Project("{8BC9CEB8-8B4A-11D0-8D11-00A0C91BC942}") = "Task36_MACRO", "Task36_MACRO\Task36_MACRO.vcxproj", "{AFFC8339-5273-4887-B2CB-921464BF6A9D}"
EndProject
Project("{8BC9CEB8-8B4A-11D0-8D11-00A0C91BC942}") = "Task37_macro_args", "Task37_macro_args\Task37_macro_args.vcxproj", "{E862AA45-A9DB-465E-81CE-4C879F4EC84B}"
EndProject
Project("{8BC9CEB8-8B4A-11D0-8D11-00A0C91BC942}") = "Task38_macro_decisions", "Task38_macro_decisions\Task38_macro_decisions.vcxproj", "{108C1E67-5DDC-40E2-9473-945C760FBDD9}"
EndProject
Project("{8BC9CEB8-8B4A-11D0-8D11-00A0C91BC942}") = "Task39_REPEAT_WHILE", "Task39_REPEAT_WHILE\Task39_REPEAT_WHILE.vcxproj", "{872167AA-53A3-4EE8-A2D5-941406585A58}"
EndProject
Project("{8BC9CEB8-8B4A-11D0-8D11-00A0C91BC942}") = "Task40_FOR", "Task40_FOR\Task40_FOR.vcxproj", "{977EABD2-7223-43BB-AD8B-7DE525071F2A}"
EndProject
Project("{8BC9CEB8-8B4A-11D0-8D11-00A0C91BC942}") = "Task41_LOCAL", "Task41_LOCAL\Task41_LOCAL.vcxproj", "{C2A8AB9E-0F5D-4C2C-A230-05C9A6520D92}"
EndProject
Project("{8BC9CEB8-8B4A-11D0-8D11-00A0C91BC942}") = "Task42_return", "Task42_return\Task42_return.vcxproj", "{DB3DB4BB-A54D-43A2-8FF0-75E40B90A6A8}"
EndProject
Project("{2150E333-8FDC-42A3-9474-1A3956D46DE8}") = "08_Floating_Points", "08_Floating_Points", "{4F134995-4DD6-4A59-959E-9B65BFD84179}"
EndProject
Project("{8BC9CEB8-8B4A-11D0-8D11-00A0C91BC942}") = "Task43_SIMD", "Task43_SIMD\Task43_SIMD.vcxproj", "{F0A47FFF-1643-4E4D-84F4-9EF35C0303E4}"
EndProject
Project("{8BC9CEB8-8B4A-11D0-8D11-00A0C91BC942}") = "Task44_alignment", "Task44_alignment\Task44_alignment.vcxproj", "{13B9EF33-B1B2-4BA7-B324-11494A8C9DA6}"
EndProject
Project("{8BC9CEB8-8B4A-11D0-8D11-00A0C91BC942}") = "Task45_precision", "Task45_precision\Task45_precision.vcxproj", "{F3E88F91-7DB5-459C-8347-37A1190296A5}"
EndProject
Project("{8BC9CEB8-8B4A-11D0-8D11-00A0C91BC942}") = "Task46_scalar", "Task46_scalar\Task46_scalar.vcxproj", "{EFA8EA06-3E78-4CBA-A132-3682B783056B}"
EndProject
Project("{8BC9CEB8-8B4A-11D0-8D11-00A0C91BC942}") = "Task47_array", "Task47_array\Task47_array.vcxproj", "{A9CA94BA-DAE2-475B-9583-2CC715CD787A}"
EndProject
Project("{8BC9CEB8-8B4A-11D0-8D11-00A0C91BC942}") = "Task48_saturating", "Task48_saturating\Task48_saturating.vcxproj", "{948C203E-C866-47BC-A70D-0848AE03F9CA}"
EndProject
Global
	GlobalSection(SolutionConfigurationPlatforms) = preSolution
		Debug|x64 = Debug|x64
		Debug|x86 = Debug|x86
		Release|x64 = Release|x64
		Release|x86 = Release|x86
	EndGlobalSection
	GlobalSection(ProjectConfigurationPlatforms) = postSolution
		{B04FAB32-E480-4774-B587-8DEA46C0E56D}.Debug|x64.ActiveCfg = Debug|x64
		{B04FAB32-E480-4774-B587-8DEA46C0E56D}.Debug|x64.Build.0 = Debug|x64
		{B04FAB32-E480-4774-B587-8DEA46C0E56D}.Debug|x86.ActiveCfg = Debug|Win32
		{B04FAB32-E480-4774-B587-8DEA46C0E56D}.Debug|x86.Build.0 = Debug|Win32
		{B04FAB32-E480-4774-B587-8DEA46C0E56D}.Release|x64.ActiveCfg = Release|x64
		{B04FAB32-E480-4774-B587-8DEA46C0E56D}.Release|x64.Build.0 = Release|x64
		{B04FAB32-E480-4774-B587-8DEA46C0E56D}.Release|x86.ActiveCfg = Release|Win32
		{B04FAB32-E480-4774-B587-8DEA46C0E56D}.Release|x86.Build.0 = Release|Win32
		{1FCA1E21-3AD5-46DB-B794-0E03CEAF5647}.Debug|x64.ActiveCfg = Debug|x64
		{1FCA1E21-3AD5-46DB-B794-0E03CEAF5647}.Debug|x64.Build.0 = Debug|x64
		{1FCA1E21-3AD5-46DB-B794-0E03CEAF5647}.Debug|x86.ActiveCfg = Debug|Win32
		{1FCA1E21-3AD5-46DB-B794-0E03CEAF5647}.Debug|x86.Build.0 = Debug|Win32
		{1FCA1E21-3AD5-46DB-B794-0E03CEAF5647}.Release|x64.ActiveCfg = Release|x64
		{1FCA1E21-3AD5-46DB-B794-0E03CEAF5647}.Release|x64.Build.0 = Release|x64
		{1FCA1E21-3AD5-46DB-B794-0E03CEAF5647}.Release|x86.ActiveCfg = Release|Win32
		{1FCA1E21-3AD5-46DB-B794-0E03CEAF5647}.Release|x86.Build.0 = Release|Win32
		{A96250BC-E908-4B15-87ED-EB00DFF1F25C}.Debug|x64.ActiveCfg = Debug|x64
		{A96250BC-E908-4B15-87ED-EB00DFF1F25C}.Debug|x64.Build.0 = Debug|x64
		{A96250BC-E908-4B15-87ED-EB00DFF1F25C}.Debug|x86.ActiveCfg = Debug|Win32
		{A96250BC-E908-4B15-87ED-EB00DFF1F25C}.Debug|x86.Build.0 = Debug|Win32
		{A96250BC-E908-4B15-87ED-EB00DFF1F25C}.Release|x64.ActiveCfg = Release|x64
		{A96250BC-E908-4B15-87ED-EB00DFF1F25C}.Release|x64.Build.0 = Release|x64
		{A96250BC-E908-4B15-87ED-EB00DFF1F25C}.Release|x86.ActiveCfg = Release|Win32
		{A96250BC-E908-4B15-87ED-EB00DFF1F25C}.Release|x86.Build.0 = Release|Win32
		{39AE7759-3ADF-4562-B3DB-E06E7F7B28C7}.Debug|x64.ActiveCfg = Debug|x64
		{39AE7759-3ADF-4562-B3DB-E06E7F7B28C7}.Debug|x64.Build.0 = Debug|x64
		{39AE7759-3ADF-4562-B3DB-E06E7F7B28C7}.Debug|x86.ActiveCfg = Debug|Win32
		{39AE7759-3ADF-4562-B3DB-E06E7F7B28C7}.Debug|x86.Build.0 = Debug|Win32
		{39AE7759-3ADF-4562-B3DB-E06E7F7B28C7}.Release|x64.ActiveCfg = Release|x64
		{39AE7759-3ADF-4562-B3DB-E06E7F7B28C7}.Release|x64.Build.0 = Release|x64
		{39AE7759-3ADF-4562-B3DB-E06E7F7B28C7}.Release|x86.ActiveCfg = Release|Win32
		{39AE7759-3ADF-4562-B3DB-E06E7F7B28C7}.Release|x86.Build.0 = Release|Win32
		{7A93CF9E-DEBA-4EAE-A4BC-207770314912}.Debug|x64.ActiveCfg = Debug|x64
		{7A93CF9E-DEBA-4EAE-A4BC-207770314912}.Debug|x64.Build.0 = Debug|x64
		{7A93CF9E-DEBA-4EAE-A4BC-207770314912}.Debug|x86.ActiveCfg = Debug|Win32
		{7A93CF9E-DEBA-4EAE-A4BC-207770314912}.Debug|x86.Build.0 = Debug|Win32
		{7A93CF9E-DEBA-4EAE-A4BC-207770314912}.Release|x64.ActiveCfg = Release|x64
		{7A93CF9E-DEBA-4EAE-A4BC-207770314912}.Release|x64.Build.0 = Release|x64
		{7A93CF9E-DEBA-4EAE-A4BC-207770314912}.Release|x86.ActiveCfg = Release|Win32
		{7A93CF9E-DEBA-4EAE-A4BC-207770314912}.Release|x86.Build.0 = Release|Win32
		{D538EC7A-8699-4DAA-BDBE-87E5E376B282}.Debug|x64.ActiveCfg = Debug|x64
		{D538EC7A-8699-4DAA-BDBE-87E5E376B282}.Debug|x64.Build.0 = Debug|x64
		{D538EC7A-8699-4DAA-BDBE-87E5E376B282}.Debug|x86.ActiveCfg = Debug|Win32
		{D538EC7A-8699-4DAA-BDBE-87E5E376B282}.Debug|x86.Build.0 = Debug|Win32
		{D538EC7A-8699-4DAA-BDBE-87E5E376B282}.Release|x64.ActiveCfg = Release|x64
		{D538EC7A-8699-4DAA-BDBE-87E5E376B282}.Release|x64.Build.0 = Release|x64
		{D538EC7A-8699-4DAA-BDBE-87E5E376B282}.Release|x86.ActiveCfg = Release|Win32
		{D538EC7A-8699-4DAA-BDBE-87E5E376B282}.Release|x86.Build.0 = Release|Win32
		{83972264-FDF5-4E97-B3AA-2CC32A9544EB}.Debug|x64.ActiveCfg = Debug|x64
		{83972264-FDF5-4E97-B3AA-2CC32A9544EB}.Debug|x64.Build.0 = Debug|x64
		{83972264-FDF5-4E97-B3AA-2CC32A9544EB}.Debug|x86.ActiveCfg = Debug|Win32
		{83972264-FDF5-4E97-B3AA-2CC32A9544EB}.Debug|x86.Build.0 = Debug|Win32
		{83972264-FDF5-4E97-B3AA-2CC32A9544EB}.Release|x64.ActiveCfg = Release|x64
		{83972264-FDF5-4E97-B3AA-2CC32A9544EB}.Release|x64.Build.0 = Release|x64
		{83972264-FDF5-4E97-B3AA-2CC32A9544EB}.Release|x86.ActiveCfg = Release|Win32
		{83972264-FDF5-4E97-B3AA-2CC32A9544EB}.Release|x86.Build.0 = Release|Win32
		{6632E9C3-FAED-450B-AD1D-297366E2AC17}.Debug|x64.ActiveCfg = Debug|x64
		{6632E9C3-FAED-450B-AD1D-297366E2AC17}.Debug|x64.Build.0 = Debug|x64
		{6632E9C3-FAED-450B-AD1D-297366E2AC17}.Debug|x86.ActiveCfg = Debug|Win32
		{6632E9C3-FAED-450B-AD1D-297366E2AC17}.Debug|x86.Build.0 = Debug|Win32
		{6632E9C3-FAED-450B-AD1D-297366E2AC17}.Release|x64.ActiveCfg = Release|x64
		{6632E9C3-FAED-450B-AD1D-297366E2AC17}.Release|x64.Build.0 = Release|x64
		{6632E9C3-FAED-450B-AD1D-297366E2AC17}.Release|x86.ActiveCfg = Release|Win32
		{6632E9C3-FAED-450B-AD1D-297366E2AC17}.Release|x86.Build.0 = Release|Win32
		{CFAB1A70-24F0-48BE-94C7-4D94C66C4300}.Debug|x64.ActiveCfg = Debug|x64
		{CFAB1A70-24F0-48BE-94C7-4D94C66C4300}.Debug|x64.Build.0 = Debug|x64
		{CFAB1A70-24F0-48BE-94C7-4D94C66C4300}.Debug|x86.ActiveCfg = Debug|Win32
		{CFAB1A70-24F0-48BE-94C7-4D94C66C4300}.Debug|x86.Build.0 = Debug|Win32
		{CFAB1A70-24F0-48BE-94C7-4D94C66C4300}.Release|x64.ActiveCfg = Release|x64
		{CFAB1A70-24F0-48BE-94C7-4D94C66C4300}.Release|x64.Build.0 = Release|x64
		{CFAB1A70-24F0-48BE-94C7-4D94C66C4300}.Release|x86.ActiveCfg = Release|Win32
		{CFAB1A70-24F0-48BE-94C7-4D94C66C4300}.Release|x86.Build.0 = Release|Win32
		{58544CA6-0BF6-4C2C-816B-6F2E5E4F422F}.Debug|x64.ActiveCfg = Debug|x64
		{58544CA6-0BF6-4C2C-816B-6F2E5E4F422F}.Debug|x64.Build.0 = Debug|x64
		{58544CA6-0BF6-4C2C-816B-6F2E5E4F422F}.Debug|x86.ActiveCfg = Debug|Win32
		{58544CA6-0BF6-4C2C-816B-6F2E5E4F422F}.Debug|x86.Build.0 = Debug|Win32
		{58544CA6-0BF6-4C2C-816B-6F2E5E4F422F}.Release|x64.ActiveCfg = Release|x64
		{58544CA6-0BF6-4C2C-816B-6F2E5E4F422F}.Release|x64.Build.0 = Release|x64
		{58544CA6-0BF6-4C2C-816B-6F2E5E4F422F}.Release|x86.ActiveCfg = Release|Win32
		{58544CA6-0BF6-4C2C-816B-6F2E5E4F422F}.Release|x86.Build.0 = Release|Win32
		{84AC7F5A-9A09-40DD-8E81-5CD1BC193344}.Debug|x64.ActiveCfg = Debug|x64
		{84AC7F5A-9A09-40DD-8E81-5CD1BC193344}.Debug|x64.Build.0 = Debug|x64
		{84AC7F5A-9A09-40DD-8E81-5CD1BC193344}.Debug|x86.ActiveCfg = Debug|Win32
		{84AC7F5A-9A09-40DD-8E81-5CD1BC193344}.Debug|x86.Build.0 = Debug|Win32
		{84AC7F5A-9A09-40DD-8E81-5CD1BC193344}.Release|x64.ActiveCfg = Release|x64
		{84AC7F5A-9A09-40DD-8E81-5CD1BC193344}.Release|x64.Build.0 = Release|x64
		{84AC7F5A-9A09-40DD-8E81-5CD1BC193344}.Release|x86.ActiveCfg = Release|Win32
		{84AC7F5A-9A09-40DD-8E81-5CD1BC193344}.Release|x86.Build.0 = Release|Win32
		{54CC0A7F-AECA-425E-BF01-33E542997E9E}.Debug|x64.ActiveCfg = Debug|x64
		{54CC0A7F-AECA-425E-BF01-33E542997E9E}.Debug|x64.Build.0 = Debug|x64
		{54CC0A7F-AECA-425E-BF01-33E542997E9E}.Debug|x86.ActiveCfg = Debug|Win32
		{54CC0A7F-AECA-425E-BF01-33E542997E9E}.Debug|x86.Build.0 = Debug|Win32
		{54CC0A7F-AECA-425E-BF01-33E542997E9E}.Release|x64.ActiveCfg = Release|x64
		{54CC0A7F-AECA-425E-BF01-33E542997E9E}.Release|x64.Build.0 = Release|x64
		{54CC0A7F-AECA-425E-BF01-33E542997E9E}.Release|x86.ActiveCfg = Release|Win32
		{54CC0A7F-AECA-425E-BF01-33E542997E9E}.Release|x86.Build.0 = Release|Win32
		{FFACACB0-BF55-415E-B425-FC4529CE64CB}.Debug|x64.ActiveCfg = Debug|x64
		{FFACACB0-BF55-415E-B425-FC4529CE64CB}.Debug|x64.Build.0 = Debug|x64
		{FFACACB0-BF55-415E-B425-FC4529CE64CB}.Debug|x86.ActiveCfg = Debug|Win32
		{FFACACB0-BF55-415E-B425-FC4529CE64CB}.Debug|x86.Build.0 = Debug|Win32
		{FFACACB0-BF55-415E-B425-FC4529CE64CB}.Release|x64.ActiveCfg = Release|x64
		{FFACACB0-BF55-415E-B425-FC4529CE64CB}.Release|x64.Build.0 = Release|x64
		{FFACACB0-BF55-415E-B425-FC4529CE64CB}.Release|x86.ActiveCfg = Release|Win32
		{FFACACB0-BF55-415E-B425-FC4529CE64CB}.Release|x86.Build.0 = Release|Win32
		{83354322-2342-491E-AC1D-ACE89A9F2910}.Debug|x64.ActiveCfg = Debug|x64
		{83354322-2342-491E-AC1D-ACE89A9F2910}.Debug|x64.Build.0 = Debug|x64
		{83354322-2342-491E-AC1D-ACE89A9F2910}.Debug|x86.ActiveCfg = Debug|Win32
		{83354322-2342-491E-AC1D-ACE89A9F2910}.Debug|x86.Build.0 = Debug|Win32
		{83354322-2342-491E-AC1D-ACE89A9F2910}.Release|x64.ActiveCfg = Release|x64
		{83354322-2342-491E-AC1D-ACE89A9F2910}.Release|x64.Build.0 = Release|x64
		{83354322-2342-491E-AC1D-ACE89A9F2910}.Release|x86.ActiveCfg = Release|Win32
		{83354322-2342-491E-AC1D-ACE89A9F2910}.Release|x86.Build.0 = Release|Win32
		{A30DC4EF-BB80-43A9-B0E6-F8C40B39A92F}.Debug|x64.ActiveCfg = Debug|x64
		{A30DC4EF-BB80-43A9-B0E6-F8C40B39A92F}.Debug|x64.Build.0 = Debug|x64
		{A30DC4EF-BB80-43A9-B0E6-F8C40B39A92F}.Debug|x86.ActiveCfg = Debug|Win32
		{A30DC4EF-BB80-43A9-B0E6-F8C40B39A92F}.Debug|x86.Build.0 = Debug|Win32
		{A30DC4EF-BB80-43A9-B0E6-F8C40B39A92F}.Release|x64.ActiveCfg = Release|x64
		{A30DC4EF-BB80-43A9-B0E6-F8C40B39A92F}.Release|x64.Build.0 = Release|x64
		{A30DC4EF-BB80-43A9-B0E6-F8C40B39A92F}.Release|x86.ActiveCfg = Release|Win32
		{A30DC4EF-BB80-43A9-B0E6-F8C40B39A92F}.Release|x86.Build.0 = Release|Win32
		{CB12B8FB-4686-4A87-B311-A94AAEE79A38}.Debug|x64.ActiveCfg = Debug|x64
		{CB12B8FB-4686-4A87-B311-A94AAEE79A38}.Debug|x64.Build.0 = Debug|x64
		{CB12B8FB-4686-4A87-B311-A94AAEE79A38}.Debug|x86.ActiveCfg = Debug|Win32
		{CB12B8FB-4686-4A87-B311-A94AAEE79A38}.Debug|x86.Build.0 = Debug|Win32
		{CB12B8FB-4686-4A87-B311-A94AAEE79A38}.Release|x64.ActiveCfg = Release|x64
		{CB12B8FB-4686-4A87-B311-A94AAEE79A38}.Release|x64.Build.0 = Release|x64
		{CB12B8FB-4686-4A87-B311-A94AAEE79A38}.Release|x86.ActiveCfg = Release|Win32
		{CB12B8FB-4686-4A87-B311-A94AAEE79A38}.Release|x86.Build.0 = Release|Win32
		{3DFAAE3F-B8C1-4021-A7B2-3126A636C29F}.Debug|x64.ActiveCfg = Debug|x64
		{3DFAAE3F-B8C1-4021-A7B2-3126A636C29F}.Debug|x64.Build.0 = Debug|x64
		{3DFAAE3F-B8C1-4021-A7B2-3126A636C29F}.Debug|x86.ActiveCfg = Debug|Win32
		{3DFAAE3F-B8C1-4021-A7B2-3126A636C29F}.Debug|x86.Build.0 = Debug|Win32
		{3DFAAE3F-B8C1-4021-A7B2-3126A636C29F}.Release|x64.ActiveCfg = Release|x64
		{3DFAAE3F-B8C1-4021-A7B2-3126A636C29F}.Release|x64.Build.0 = Release|x64
		{3DFAAE3F-B8C1-4021-A7B2-3126A636C29F}.Release|x86.ActiveCfg = Release|Win32
		{3DFAAE3F-B8C1-4021-A7B2-3126A636C29F}.Release|x86.Build.0 = Release|Win32
		{0113A118-271E-48C4-87B6-A6461D2D71E3}.Debug|x64.ActiveCfg = Debug|x64
		{0113A118-271E-48C4-87B6-A6461D2D71E3}.Debug|x64.Build.0 = Debug|x64
		{0113A118-271E-48C4-87B6-A6461D2D71E3}.Debug|x86.ActiveCfg = Debug|Win32
		{0113A118-271E-48C4-87B6-A6461D2D71E3}.Debug|x86.Build.0 = Debug|Win32
		{0113A118-271E-48C4-87B6-A6461D2D71E3}.Release|x64.ActiveCfg = Release|x64
		{0113A118-271E-48C4-87B6-A6461D2D71E3}.Release|x64.Build.0 = Release|x64
		{0113A118-271E-48C4-87B6-A6461D2D71E3}.Release|x86.ActiveCfg = Release|Win32
		{0113A118-271E-48C4-87B6-A6461D2D71E3}.Release|x86.Build.0 = Release|Win32
		{6B23301D-4ECB-483E-90B8-F2BBBDBD1094}.Debug|x64.ActiveCfg = Debug|x64
		{6B23301D-4ECB-483E-90B8-F2BBBDBD1094}.Debug|x64.Build.0 = Debug|x64
		{6B23301D-4ECB-483E-90B8-F2BBBDBD1094}.Debug|x86.ActiveCfg = Debug|Win32
		{6B23301D-4ECB-483E-90B8-F2BBBDBD1094}.Debug|x86.Build.0 = Debug|Win32
		{6B23301D-4ECB-483E-90B8-F2BBBDBD1094}.Release|x64.ActiveCfg = Release|x64
		{6B23301D-4ECB-483E-90B8-F2BBBDBD1094}.Release|x64.Build.0 = Release|x64
		{6B23301D-4ECB-483E-90B8-F2BBBDBD1094}.Release|x86.ActiveCfg = Release|Win32
		{6B23301D-4ECB-483E-90B8-F2BBBDBD1094}.Release|x86.Build.0 = Release|Win32
		{EA492F4B-8DDF-429D-840B-CD16962BCA87}.Debug|x64.ActiveCfg = Debug|x64
		{EA492F4B-8DDF-429D-840B-CD16962BCA87}.Debug|x64.Build.0 = Debug|x64
		{EA492F4B-8DDF-429D-840B-CD16962BCA87}.Debug|x86.ActiveCfg = Debug|Win32
		{EA492F4B-8DDF-429D-840B-CD16962BCA87}.Debug|x86.Build.0 = Debug|Win32
		{EA492F4B-8DDF-429D-840B-CD16962BCA87}.Release|x64.ActiveCfg = Release|x64
		{EA492F4B-8DDF-429D-840B-CD16962BCA87}.Release|x64.Build.0 = Release|x64
		{EA492F4B-8DDF-429D-840B-CD16962BCA87}.Release|x86.ActiveCfg = Release|Win32
		{EA492F4B-8DDF-429D-840B-CD16962BCA87}.Release|x86.Build.0 = Release|Win32
		{7A5EF828-0753-487E-8EF7-D27FEB7C2334}.Debug|x64.ActiveCfg = Debug|x64
		{7A5EF828-0753-487E-8EF7-D27FEB7C2334}.Debug|x64.Build.0 = Debug|x64
		{7A5EF828-0753-487E-8EF7-D27FEB7C2334}.Debug|x86.ActiveCfg = Debug|Win32
		{7A5EF828-0753-487E-8EF7-D27FEB7C2334}.Debug|x86.Build.0 = Debug|Win32
		{7A5EF828-0753-487E-8EF7-D27FEB7C2334}.Release|x64.ActiveCfg = Release|x64
		{7A5EF828-0753-487E-8EF7-D27FEB7C2334}.Release|x64.Build.0 = Release|x64
		{7A5EF828-0753-487E-8EF7-D27FEB7C2334}.Release|x86.ActiveCfg = Release|Win32
		{7A5EF828-0753-487E-8EF7-D27FEB7C2334}.Release|x86.Build.0 = Release|Win32
		{E83B55E6-324C-4FE7-9488-3538545BF899}.Debug|x64.ActiveCfg = Debug|x64
		{E83B55E6-324C-4FE7-9488-3538545BF899}.Debug|x64.Build.0 = Debug|x64
		{E83B55E6-324C-4FE7-9488-3538545BF899}.Debug|x86.ActiveCfg = Debug|Win32
		{E83B55E6-324C-4FE7-9488-3538545BF899}.Debug|x86.Build.0 = Debug|Win32
		{E83B55E6-324C-4FE7-9488-3538545BF899}.Release|x64.ActiveCfg = Release|x64
		{E83B55E6-324C-4FE7-9488-3538545BF899}.Release|x64.Build.0 = Release|x64
		{E83B55E6-324C-4FE7-9488-3538545BF899}.Release|x86.ActiveCfg = Release|Win32
		{E83B55E6-324C-4FE7-9488-3538545BF899}.Release|x86.Build.0 = Release|Win32
		{EA4F1C9C-C6A5-4FD5-8CB1-D94B3655C7FB}.Debug|x64.ActiveCfg = Debug|x64
		{EA4F1C9C-C6A5-4FD5-8CB1-D94B3655C7FB}.Debug|x64.Build.0 = Debug|x64
		{EA4F1C9C-C6A5-4FD5-8CB1-D94B3655C7FB}.Debug|x86.ActiveCfg = Debug|Win32
		{EA4F1C9C-C6A5-4FD5-8CB1-D94B3655C7FB}.Debug|x86.Build.0 = Debug|Win32
		{EA4F1C9C-C6A5-4FD5-8CB1-D94B3655C7FB}.Release|x64.ActiveCfg = Release|x64
		{EA4F1C9C-C6A5-4FD5-8CB1-D94B3655C7FB}.Release|x64.Build.0 = Release|x64
		{EA4F1C9C-C6A5-4FD5-8CB1-D94B3655C7FB}.Release|x86.ActiveCfg = Release|Win32
		{EA4F1C9C-C6A5-4FD5-8CB1-D94B3655C7FB}.Release|x86.Build.0 = Release|Win32
		{84086F6E-B3B7-46B2-AF90-21D7BB0C4C45}.Debug|x64.ActiveCfg = Debug|x64
		{84086F6E-B3B7-46B2-AF90-21D7BB0C4C45}.Debug|x64.Build.0 = Debug|x64
		{84086F6E-B3B7-46B2-AF90-21D7BB0C4C45}.Debug|x86.ActiveCfg = Debug|Win32
		{84086F6E-B3B7-46B2-AF90-21D7BB0C4C45}.Debug|x86.Build.0 = Debug|Win32
		{84086F6E-B3B7-46B2-AF90-21D7BB0C4C45}.Release|x64.ActiveCfg = Release|x64
		{84086F6E-B3B7-46B2-AF90-21D7BB0C4C45}.Release|x64.Build.0 = Release|x64
		{84086F6E-B3B7-46B2-AF90-21D7BB0C4C45}.Release|x86.ActiveCfg = Release|Win32
		{84086F6E-B3B7-46B2-AF90-21D7BB0C4C45}.Release|x86.Build.0 = Release|Win32
		{77504067-B43B-4BB5-A5F6-F623D7AFCBAF}.Debug|x64.ActiveCfg = Debug|x64
		{77504067-B43B-4BB5-A5F6-F623D7AFCBAF}.Debug|x64.Build.0 = Debug|x64
		{77504067-B43B-4BB5-A5F6-F623D7AFCBAF}.Debug|x86.ActiveCfg = Debug|Win32
		{77504067-B43B-4BB5-A5F6-F623D7AFCBAF}.Debug|x86.Build.0 = Debug|Win32
		{77504067-B43B-4BB5-A5F6-F623D7AFCBAF}.Release|x64.ActiveCfg = Release|x64
		{77504067-B43B-4BB5-A5F6-F623D7AFCBAF}.Release|x64.Build.0 = Release|x64
		{77504067-B43B-4BB5-A5F6-F623D7AFCBAF}.Release|x86.ActiveCfg = Release|Win32
		{77504067-B43B-4BB5-A5F6-F623D7AFCBAF}.Release|x86.Build.0 = Release|Win32
		{BCA1CAC3-5F53-4959-AA57-B827930ADC4D}.Debug|x64.ActiveCfg = Debug|x64
		{BCA1CAC3-5F53-4959-AA57-B827930ADC4D}.Debug|x64.Build.0 = Debug|x64
		{BCA1CAC3-5F53-4959-AA57-B827930ADC4D}.Debug|x86.ActiveCfg = Debug|Win32
		{BCA1CAC3-5F53-4959-AA57-B827930ADC4D}.Debug|x86.Build.0 = Debug|Win32
		{BCA1CAC3-5F53-4959-AA57-B827930ADC4D}.Release|x64.ActiveCfg = Release|x64
		{BCA1CAC3-5F53-4959-AA57-B827930ADC4D}.Release|x64.Build.0 = Release|x64
		{BCA1CAC3-5F53-4959-AA57-B827930ADC4D}.Release|x86.ActiveCfg = Release|Win32
		{BCA1CAC3-5F53-4959-AA57-B827930ADC4D}.Release|x86.Build.0 = Release|Win32
		{500AF9E9-F547-4F0C-974D-632EDCF8BBC8}.Debug|x64.ActiveCfg = Debug|x64
		{500AF9E9-F547-4F0C-974D-632EDCF8BBC8}.Debug|x64.Build.0 = Debug|x64
		{500AF9E9-F547-4F0C-974D-632EDCF8BBC8}.Debug|x86.ActiveCfg = Debug|Win32
		{500AF9E9-F547-4F0C-974D-632EDCF8BBC8}.Debug|x86.Build.0 = Debug|Win32
		{500AF9E9-F547-4F0C-974D-632EDCF8BBC8}.Release|x64.ActiveCfg = Release|x64
		{500AF9E9-F547-4F0C-974D-632EDCF8BBC8}.Release|x64.Build.0 = Release|x64
		{500AF9E9-F547-4F0C-974D-632EDCF8BBC8}.Release|x86.ActiveCfg = Release|Win32
		{500AF9E9-F547-4F0C-974D-632EDCF8BBC8}.Release|x86.Build.0 = Release|Win32
		{0EA7C636-19B3-4E21-95DC-59FE82EA6038}.Debug|x64.ActiveCfg = Debug|x64
		{0EA7C636-19B3-4E21-95DC-59FE82EA6038}.Debug|x64.Build.0 = Debug|x64
		{0EA7C636-19B3-4E21-95DC-59FE82EA6038}.Debug|x86.ActiveCfg = Debug|Win32
		{0EA7C636-19B3-4E21-95DC-59FE82EA6038}.Debug|x86.Build.0 = Debug|Win32
		{0EA7C636-19B3-4E21-95DC-59FE82EA6038}.Release|x64.ActiveCfg = Release|x64
		{0EA7C636-19B3-4E21-95DC-59FE82EA6038}.Release|x64.Build.0 = Release|x64
		{0EA7C636-19B3-4E21-95DC-59FE82EA6038}.Release|x86.ActiveCfg = Release|Win32
		{0EA7C636-19B3-4E21-95DC-59FE82EA6038}.Release|x86.Build.0 = Release|Win32
		{A03D2C5C-3286-43AB-861D-311A34983D10}.Debug|x64.ActiveCfg = Debug|x64
		{A03D2C5C-3286-43AB-861D-311A34983D10}.Debug|x64.Build.0 = Debug|x64
		{A03D2C5C-3286-43AB-861D-311A34983D10}.Debug|x86.ActiveCfg = Debug|Win32
		{A03D2C5C-3286-43AB-861D-311A34983D10}.Debug|x86.Build.0 = Debug|Win32
		{A03D2C5C-3286-43AB-861D-311A34983D10}.Release|x64.ActiveCfg = Release|x64
		{A03D2C5C-3286-43AB-861D-311A34983D10}.Release|x64.Build.0 = Release|x64
		{A03D2C5C-3286-43AB-861D-311A34983D10}.Release|x86.ActiveCfg = Release|Win32
		{A03D2C5C-3286-43AB-861D-311A34983D10}.Release|x86.Build.0 = Release|Win32
		{06FDA048-5755-45C3-A3A8-806607D5D392}.Debug|x64.ActiveCfg = Debug|x64
		{06FDA048-5755-45C3-A3A8-806607D5D392}.Debug|x64.Build.0 = Debug|x64
		{06FDA048-5755-45C3-A3A8-806607D5D392}.Debug|x86.ActiveCfg = Debug|Win32
		{06FDA048-5755-45C3-A3A8-806607D5D392}.Debug|x86.Build.0 = Debug|Win32
		{06FDA048-5755-45C3-A3A8-806607D5D392}.Release|x64.ActiveCfg = Release|x64
		{06FDA048-5755-45C3-A3A8-806607D5D392}.Release|x64.Build.0 = Release|x64
		{06FDA048-5755-45C3-A3A8-806607D5D392}.Release|x86.ActiveCfg = Release|Win32
		{06FDA048-5755-45C3-A3A8-806607D5D392}.Release|x86.Build.0 = Release|Win32
		{8594CFD3-77B5-4427-BF37-8BAC66C885A4}.Debug|x64.ActiveCfg = Debug|x64
		{8594CFD3-77B5-4427-BF37-8BAC66C885A4}.Debug|x64.Build.0 = Debug|x64
		{8594CFD3-77B5-4427-BF37-8BAC66C885A4}.Debug|x86.ActiveCfg = Debug|Win32
		{8594CFD3-77B5-4427-BF37-8BAC66C885A4}.Debug|x86.Build.0 = Debug|Win32
		{8594CFD3-77B5-4427-BF37-8BAC66C885A4}.Release|x64.ActiveCfg = Release|x64
		{8594CFD3-77B5-4427-BF37-8BAC66C885A4}.Release|x64.Build.0 = Release|x64
		{8594CFD3-77B5-4427-BF37-8BAC66C885A4}.Release|x86.ActiveCfg = Release|Win32
		{8594CFD3-77B5-4427-BF37-8BAC66C885A4}.Release|x86.Build.0 = Release|Win32
		{743A170C-FD4F-491F-80F8-B4D1D96CAC9D}.Debug|x64.ActiveCfg = Debug|x64
		{743A170C-FD4F-491F-80F8-B4D1D96CAC9D}.Debug|x64.Build.0 = Debug|x64
		{743A170C-FD4F-491F-80F8-B4D1D96CAC9D}.Debug|x86.ActiveCfg = Debug|Win32
		{743A170C-FD4F-491F-80F8-B4D1D96CAC9D}.Debug|x86.Build.0 = Debug|Win32
		{743A170C-FD4F-491F-80F8-B4D1D96CAC9D}.Release|x64.ActiveCfg = Release|x64
		{743A170C-FD4F-491F-80F8-B4D1D96CAC9D}.Release|x64.Build.0 = Release|x64
		{743A170C-FD4F-491F-80F8-B4D1D96CAC9D}.Release|x86.ActiveCfg = Release|Win32
		{743A170C-FD4F-491F-80F8-B4D1D96CAC9D}.Release|x86.Build.0 = Release|Win32
		{EFBE5364-7367-4206-BE9E-2A2F69C83C2B}.Debug|x64.ActiveCfg = Debug|x64
		{EFBE5364-7367-4206-BE9E-2A2F69C83C2B}.Debug|x64.Build.0 = Debug|x64
		{EFBE5364-7367-4206-BE9E-2A2F69C83C2B}.Debug|x86.ActiveCfg = Debug|Win32
		{EFBE5364-7367-4206-BE9E-2A2F69C83C2B}.Debug|x86.Build.0 = Debug|Win32
		{EFBE5364-7367-4206-BE9E-2A2F69C83C2B}.Release|x64.ActiveCfg = Release|x64
		{EFBE5364-7367-4206-BE9E-2A2F69C83C2B}.Release|x64.Build.0 = Release|x64
		{EFBE5364-7367-4206-BE9E-2A2F69C83C2B}.Release|x86.ActiveCfg = Release|Win32
		{EFBE5364-7367-4206-BE9E-2A2F69C83C2B}.Release|x86.Build.0 = Release|Win32
		{49C6D7FC-A655-48F5-A9A5-627C820DEEF4}.Debug|x64.ActiveCfg = Debug|x64
		{49C6D7FC-A655-48F5-A9A5-627C820DEEF4}.Debug|x64.Build.0 = Debug|x64
		{49C6D7FC-A655-48F5-A9A5-627C820DEEF4}.Debug|x86.ActiveCfg = Debug|Win32
		{49C6D7FC-A655-48F5-A9A5-627C820DEEF4}.Debug|x86.Build.0 = Debug|Win32
		{49C6D7FC-A655-48F5-A9A5-627C820DEEF4}.Release|x64.ActiveCfg = Release|x64
		{49C6D7FC-A655-48F5-A9A5-627C820DEEF4}.Release|x64.Build.0 = Release|x64
		{49C6D7FC-A655-48F5-A9A5-627C820DEEF4}.Release|x86.ActiveCfg = Release|Win32
		{49C6D7FC-A655-48F5-A9A5-627C820DEEF4}.Release|x86.Build.0 = Release|Win32
		{D7ECD180-3138-4622-A2AC-BAEA748EA1AF}.Debug|x64.ActiveCfg = Debug|x64
		{D7ECD180-3138-4622-A2AC-BAEA748EA1AF}.Debug|x64.Build.0 = Debug|x64
		{D7ECD180-3138-4622-A2AC-BAEA748EA1AF}.Debug|x86.ActiveCfg = Debug|Win32
		{D7ECD180-3138-4622-A2AC-BAEA748EA1AF}.Debug|x86.Build.0 = Debug|Win32
		{D7ECD180-3138-4622-A2AC-BAEA748EA1AF}.Release|x64.ActiveCfg = Release|x64
		{D7ECD180-3138-4622-A2AC-BAEA748EA1AF}.Release|x64.Build.0 = Release|x64
		{D7ECD180-3138-4622-A2AC-BAEA748EA1AF}.Release|x86.ActiveCfg = Release|Win32
		{D7ECD180-3138-4622-A2AC-BAEA748EA1AF}.Release|x86.Build.0 = Release|Win32
		{AFFC8339-5273-4887-B2CB-921464BF6A9D}.Debug|x64.ActiveCfg = Debug|x64
		{AFFC8339-5273-4887-B2CB-921464BF6A9D}.Debug|x64.Build.0 = Debug|x64
		{AFFC8339-5273-4887-B2CB-921464BF6A9D}.Debug|x86.ActiveCfg = Debug|Win32
		{AFFC8339-5273-4887-B2CB-921464BF6A9D}.Debug|x86.Build.0 = Debug|Win32
		{AFFC8339-5273-4887-B2CB-921464BF6A9D}.Release|x64.ActiveCfg = Release|x64
		{AFFC8339-5273-4887-B2CB-921464BF6A9D}.Release|x64.Build.0 = Release|x64
		{AFFC8339-5273-4887-B2CB-921464BF6A9D}.Release|x86.ActiveCfg = Release|Win32
		{AFFC8339-5273-4887-B2CB-921464BF6A9D}.Release|x86.Build.0 = Release|Win32
		{E862AA45-A9DB-465E-81CE-4C879F4EC84B}.Debug|x64.ActiveCfg = Debug|x64
		{E862AA45-A9DB-465E-81CE-4C879F4EC84B}.Debug|x64.Build.0 = Debug|x64
		{E862AA45-A9DB-465E-81CE-4C879F4EC84B}.Debug|x86.ActiveCfg = Debug|Win32
		{E862AA45-A9DB-465E-81CE-4C879F4EC84B}.Debug|x86.Build.0 = Debug|Win32
		{E862AA45-A9DB-465E-81CE-4C879F4EC84B}.Release|x64.ActiveCfg = Release|x64
		{E862AA45-A9DB-465E-81CE-4C879F4EC84B}.Release|x64.Build.0 = Release|x64
		{E862AA45-A9DB-465E-81CE-4C879F4EC84B}.Release|x86.ActiveCfg = Release|Win32
		{E862AA45-A9DB-465E-81CE-4C879F4EC84B}.Release|x86.Build.0 = Release|Win32
		{108C1E67-5DDC-40E2-9473-945C760FBDD9}.Debug|x64.ActiveCfg = Debug|x64
		{108C1E67-5DDC-40E2-9473-945C760FBDD9}.Debug|x64.Build.0 = Debug|x64
		{108C1E67-5DDC-40E2-9473-945C760FBDD9}.Debug|x86.ActiveCfg = Debug|Win32
		{108C1E67-5DDC-40E2-9473-945C760FBDD9}.Debug|x86.Build.0 = Debug|Win32
		{108C1E67-5DDC-40E2-9473-945C760FBDD9}.Release|x64.ActiveCfg = Release|x64
		{108C1E67-5DDC-40E2-9473-945C760FBDD9}.Release|x64.Build.0 = Release|x64
		{108C1E67-5DDC-40E2-9473-945C760FBDD9}.Release|x86.ActiveCfg = Release|Win32
		{108C1E67-5DDC-40E2-9473-945C760FBDD9}.Release|x86.Build.0 = Release|Win32
		{872167AA-53A3-4EE8-A2D5-941406585A58}.Debug|x64.ActiveCfg = Debug|x64
		{872167AA-53A3-4EE8-A2D5-941406585A58}.Debug|x64.Build.0 = Debug|x64
		{872167AA-53A3-4EE8-A2D5-941406585A58}.Debug|x86.ActiveCfg = Debug|Win32
		{872167AA-53A3-4EE8-A2D5-941406585A58}.Debug|x86.Build.0 = Debug|Win32
		{872167AA-53A3-4EE8-A2D5-941406585A58}.Release|x64.ActiveCfg = Release|x64
		{872167AA-53A3-4EE8-A2D5-941406585A58}.Release|x64.Build.0 = Release|x64
		{872167AA-53A3-4EE8-A2D5-941406585A58}.Release|x86.ActiveCfg = Release|Win32
		{872167AA-53A3-4EE8-A2D5-941406585A58}.Release|x86.Build.0 = Release|Win32
		{977EABD2-7223-43BB-AD8B-7DE525071F2A}.Debug|x64.ActiveCfg = Debug|x64
		{977EABD2-7223-43BB-AD8B-7DE525071F2A}.Debug|x64.Build.0 = Debug|x64
		{977EABD2-7223-43BB-AD8B-7DE525071F2A}.Debug|x86.ActiveCfg = Debug|Win32
		{977EABD2-7223-43BB-AD8B-7DE525071F2A}.Debug|x86.Build.0 = Debug|Win32
		{977EABD2-7223-43BB-AD8B-7DE525071F2A}.Release|x64.ActiveCfg = Release|x64
		{977EABD2-7223-43BB-AD8B-7DE525071F2A}.Release|x64.Build.0 = Release|x64
		{977EABD2-7223-43BB-AD8B-7DE525071F2A}.Release|x86.ActiveCfg = Release|Win32
		{977EABD2-7223-43BB-AD8B-7DE525071F2A}.Release|x86.Build.0 = Release|Win32
		{C2A8AB9E-0F5D-4C2C-A230-05C9A6520D92}.Debug|x64.ActiveCfg = Debug|x64
		{C2A8AB9E-0F5D-4C2C-A230-05C9A6520D92}.Debug|x64.Build.0 = Debug|x64
		{C2A8AB9E-0F5D-4C2C-A230-05C9A6520D92}.Debug|x86.ActiveCfg = Debug|Win32
		{C2A8AB9E-0F5D-4C2C-A230-05C9A6520D92}.Debug|x86.Build.0 = Debug|Win32
		{C2A8AB9E-0F5D-4C2C-A230-05C9A6520D92}.Release|x64.ActiveCfg = Release|x64
		{C2A8AB9E-0F5D-4C2C-A230-05C9A6520D92}.Release|x64.Build.0 = Release|x64
		{C2A8AB9E-0F5D-4C2C-A230-05C9A6520D92}.Release|x86.ActiveCfg = Release|Win32
		{C2A8AB9E-0F5D-4C2C-A230-05C9A6520D92}.Release|x86.Build.0 = Release|Win32
		{DB3DB4BB-A54D-43A2-8FF0-75E40B90A6A8}.Debug|x64.ActiveCfg = Debug|x64
		{DB3DB4BB-A54D-43A2-8FF0-75E40B90A6A8}.Debug|x64.Build.0 = Debug|x64
		{DB3DB4BB-A54D-43A2-8FF0-75E40B90A6A8}.Debug|x86.ActiveCfg = Debug|Win32
		{DB3DB4BB-A54D-43A2-8FF0-75E40B90A6A8}.Debug|x86.Build.0 = Debug|Win32
		{DB3DB4BB-A54D-43A2-8FF0-75E40B90A6A8}.Release|x64.ActiveCfg = Release|x64
		{DB3DB4BB-A54D-43A2-8FF0-75E40B90A6A8}.Release|x64.Build.0 = Release|x64
		{DB3DB4BB-A54D-43A2-8FF0-75E40B90A6A8}.Release|x86.ActiveCfg = Release|Win32
		{DB3DB4BB-A54D-43A2-8FF0-75E40B90A6A8}.Release|x86.Build.0 = Release|Win32
		{F0A47FFF-1643-4E4D-84F4-9EF35C0303E4}.Debug|x64.ActiveCfg = Debug|x64
		{F0A47FFF-1643-4E4D-84F4-9EF35C0303E4}.Debug|x64.Build.0 = Debug|x64
		{F0A47FFF-1643-4E4D-84F4-9EF35C0303E4}.Debug|x86.ActiveCfg = Debug|Win32
		{F0A47FFF-1643-4E4D-84F4-9EF35C0303E4}.Debug|x86.Build.0 = Debug|Win32
		{F0A47FFF-1643-4E4D-84F4-9EF35C0303E4}.Release|x64.ActiveCfg = Release|x64
		{F0A47FFF-1643-4E4D-84F4-9EF35C0303E4}.Release|x64.Build.0 = Release|x64
		{F0A47FFF-1643-4E4D-84F4-9EF35C0303E4}.Release|x86.ActiveCfg = Release|Win32
		{F0A47FFF-1643-4E4D-84F4-9EF35C0303E4}.Release|x86.Build.0 = Release|Win32
		{13B9EF33-B1B2-4BA7-B324-11494A8C9DA6}.Debug|x64.ActiveCfg = Debug|x64
		{13B9EF33-B1B2-4BA7-B324-11494A8C9DA6}.Debug|x64.Build.0 = Debug|x64
		{13B9EF33-B1B2-4BA7-B324-11494A8C9DA6}.Debug|x86.ActiveCfg = Debug|Win32
		{13B9EF33-B1B2-4BA7-B324-11494A8C9DA6}.Debug|x86.Build.0 = Debug|Win32
		{13B9EF33-B1B2-4BA7-B324-11494A8C9DA6}.Release|x64.ActiveCfg = Release|x64
		{13B9EF33-B1B2-4BA7-B324-11494A8C9DA6}.Release|x64.Build.0 = Release|x64
		{13B9EF33-B1B2-4BA7-B324-11494A8C9DA6}.Release|x86.ActiveCfg = Release|Win32
		{13B9EF33-B1B2-4BA7-B324-11494A8C9DA6}.Release|x86.Build.0 = Release|Win32
		{F3E88F91-7DB5-459C-8347-37A1190296A5}.Debug|x64.ActiveCfg = Debug|x64
		{F3E88F91-7DB5-459C-8347-37A1190296A5}.Debug|x64.Build.0 = Debug|x64
		{F3E88F91-7DB5-459C-8347-37A1190296A5}.Debug|x86.ActiveCfg = Debug|Win32
		{F3E88F91-7DB5-459C-8347-37A1190296A5}.Debug|x86.Build.0 = Debug|Win32
		{F3E88F91-7DB5-459C-8347-37A1190296A5}.Release|x64.ActiveCfg = Release|x64
		{F3E88F91-7DB5-459C-8347-37A1190296A5}.Release|x64.Build.0 = Release|x64
		{F3E88F91-7DB5-459C-8347-37A1190296A5}.Release|x86.ActiveCfg = Release|Win32
		{F3E88F91-7DB5-459C-8347-37A1190296A5}.Release|x86.Build.0 = Release|Win32
		{EFA8EA06-3E78-4CBA-A132-3682B783056B}.Debug|x64.ActiveCfg = Debug|x64
		{EFA8EA06-3E78-4CBA-A132-3682B783056B}.Debug|x64.Build.0 = Debug|x64
		{EFA8EA06-3E78-4CBA-A132-3682B783056B}.Debug|x86.ActiveCfg = Debug|Win32
		{EFA8EA06-3E78-4CBA-A132-3682B783056B}.Debug|x86.Build.0 = Debug|Win32
		{EFA8EA06-3E78-4CBA-A132-3682B783056B}.Release|x64.ActiveCfg = Release|x64
		{EFA8EA06-3E78-4CBA-A132-3682B783056B}.Release|x64.Build.0 = Release|x64
		{EFA8EA06-3E78-4CBA-A132-3682B783056B}.Release|x86.ActiveCfg = Release|Win32
		{EFA8EA06-3E78-4CBA-A132-3682B783056B}.Release|x86.Build.0 = Release|Win32
		{A9CA94BA-DAE2-475B-9583-2CC715CD787A}.Debug|x64.ActiveCfg = Debug|x64
		{A9CA94BA-DAE2-475B-9583-2CC715CD787A}.Debug|x64.Build.0 = Debug|x64
		{A9CA94BA-DAE2-475B-9583-2CC715CD787A}.Debug|x86.ActiveCfg = Debug|Win32
		{A9CA94BA-DAE2-475B-9583-2CC715CD787A}.Debug|x86.Build.0 = Debug|Win32
		{A9CA94BA-DAE2-475B-9583-2CC715CD787A}.Release|x64.ActiveCfg = Release|x64
		{A9CA94BA-DAE2-475B-9583-2CC715CD787A}.Release|x64.Build.0 = Release|x64
		{A9CA94BA-DAE2-475B-9583-2CC715CD787A}.Release|x86.ActiveCfg = Release|Win32
		{A9CA94BA-DAE2-475B-9583-2CC715CD787A}.Release|x86.Build.0 = Release|Win32
		{948C203E-C866-47BC-A70D-0848AE03F9CA}.Debug|x64.ActiveCfg = Debug|x64
		{948C203E-C866-47BC-A70D-0848AE03F9CA}.Debug|x64.Build.0 = Debug|x64
		{948C203E-C866-47BC-A70D-0848AE03F9CA}.Debug|x86.ActiveCfg = Debug|Win32
		{948C203E-C866-47BC-A70D-0848AE03F9CA}.Debug|x86.Build.0 = Debug|Win32
		{948C203E-C866-47BC-A70D-0848AE03F9CA}.Release|x64.ActiveCfg = Release|x64
		{948C203E-C866-47BC-A70D-0848AE03F9CA}.Release|x64.Build.0 = Release|x64
		{948C203E-C866-47BC-A70D-0848AE03F9CA}.Release|x86.ActiveCfg = Release|Win32
		{948C203E-C866-47BC-A70D-0848AE03F9CA}.Release|x86.Build.0 = Release|Win32
	EndGlobalSection
	GlobalSection(SolutionProperties) = preSolution
		HideSolutionNode = FALSE
	EndGlobalSection
	GlobalSection(NestedProjects) = preSolution
		{B04FAB32-E480-4774-B587-8DEA46C0E56D} = {C2A25F8E-C35D-4230-BF65-066266D14F92}
		{1FCA1E21-3AD5-46DB-B794-0E03CEAF5647} = {C2A25F8E-C35D-4230-BF65-066266D14F92}
		{A96250BC-E908-4B15-87ED-EB00DFF1F25C} = {C2A25F8E-C35D-4230-BF65-066266D14F92}
		{39AE7759-3ADF-4562-B3DB-E06E7F7B28C7} = {C2A25F8E-C35D-4230-BF65-066266D14F92}
		{7A93CF9E-DEBA-4EAE-A4BC-207770314912} = {AE51AA4A-A7F7-4B33-9424-159802880A6A}
		{D538EC7A-8699-4DAA-BDBE-87E5E376B282} = {AE51AA4A-A7F7-4B33-9424-159802880A6A}
		{83972264-FDF5-4E97-B3AA-2CC32A9544EB} = {AE51AA4A-A7F7-4B33-9424-159802880A6A}
		{6632E9C3-FAED-450B-AD1D-297366E2AC17} = {AE51AA4A-A7F7-4B33-9424-159802880A6A}
		{CFAB1A70-24F0-48BE-94C7-4D94C66C4300} = {AE51AA4A-A7F7-4B33-9424-159802880A6A}
		{58544CA6-0BF6-4C2C-816B-6F2E5E4F422F} = {AE51AA4A-A7F7-4B33-9424-159802880A6A}
		{84AC7F5A-9A09-40DD-8E81-5CD1BC193344} = {AE51AA4A-A7F7-4B33-9424-159802880A6A}
		{54CC0A7F-AECA-425E-BF01-33E542997E9E} = {AE51AA4A-A7F7-4B33-9424-159802880A6A}
		{FFACACB0-BF55-415E-B425-FC4529CE64CB} = {67525022-4EB8-4B6C-A254-F0FC9ECC8F9F}
		{83354322-2342-491E-AC1D-ACE89A9F2910} = {67525022-4EB8-4B6C-A254-F0FC9ECC8F9F}
		{A30DC4EF-BB80-43A9-B0E6-F8C40B39A92F} = {67525022-4EB8-4B6C-A254-F0FC9ECC8F9F}
		{CB12B8FB-4686-4A87-B311-A94AAEE79A38} = {67525022-4EB8-4B6C-A254-F0FC9ECC8F9F}
		{3DFAAE3F-B8C1-4021-A7B2-3126A636C29F} = {67525022-4EB8-4B6C-A254-F0FC9ECC8F9F}
		{0113A118-271E-48C4-87B6-A6461D2D71E3} = {67525022-4EB8-4B6C-A254-F0FC9ECC8F9F}
		{6B23301D-4ECB-483E-90B8-F2BBBDBD1094} = {67525022-4EB8-4B6C-A254-F0FC9ECC8F9F}
		{EA492F4B-8DDF-429D-840B-CD16962BCA87} = {A72E4C7E-D5C3-4365-8365-510F99368E40}
		{7A5EF828-0753-487E-8EF7-D27FEB7C2334} = {A72E4C7E-D5C3-4365-8365-510F99368E40}
		{E83B55E6-324C-4FE7-9488-3538545BF899} = {A72E4C7E-D5C3-4365-8365-510F99368E40}
		{EA4F1C9C-C6A5-4FD5-8CB1-D94B3655C7FB} = {A72E4C7E-D5C3-4365-8365-510F99368E40}
		{84086F6E-B3B7-46B2-AF90-21D7BB0C4C45} = {A72E4C7E-D5C3-4365-8365-510F99368E40}
		{77504067-B43B-4BB5-A5F6-F623D7AFCBAF} = {5F119199-2530-4277-8B3A-5C5EBC21442D}
		{BCA1CAC3-5F53-4959-AA57-B827930ADC4D} = {5F119199-2530-4277-8B3A-5C5EBC21442D}
		{500AF9E9-F547-4F0C-974D-632EDCF8BBC8} = {5F119199-2530-4277-8B3A-5C5EBC21442D}
		{0EA7C636-19B3-4E21-95DC-59FE82EA6038} = {5F119199-2530-4277-8B3A-5C5EBC21442D}
		{A03D2C5C-3286-43AB-861D-311A34983D10} = {5F119199-2530-4277-8B3A-5C5EBC21442D}
		{06FDA048-5755-45C3-A3A8-806607D5D392} = {5F466DAF-43D3-492F-82A2-192E2BE4A441}
		{8594CFD3-77B5-4427-BF37-8BAC66C885A4} = {5F466DAF-43D3-492F-82A2-192E2BE4A441}
		{743A170C-FD4F-491F-80F8-B4D1D96CAC9D} = {5F466DAF-43D3-492F-82A2-192E2BE4A441}
		{EFBE5364-7367-4206-BE9E-2A2F69C83C2B} = {5F466DAF-43D3-492F-82A2-192E2BE4A441}
		{49C6D7FC-A655-48F5-A9A5-627C820DEEF4} = {5F466DAF-43D3-492F-82A2-192E2BE4A441}
		{D7ECD180-3138-4622-A2AC-BAEA748EA1AF} = {5F466DAF-43D3-492F-82A2-192E2BE4A441}
		{AFFC8339-5273-4887-B2CB-921464BF6A9D} = {5E974188-8102-4350-8423-53C3666B740B}
		{E862AA45-A9DB-465E-81CE-4C879F4EC84B} = {5E974188-8102-4350-8423-53C3666B740B}
		{108C1E67-5DDC-40E2-9473-945C760FBDD9} = {5E974188-8102-4350-8423-53C3666B740B}
		{872167AA-53A3-4EE8-A2D5-941406585A58} = {5E974188-8102-4350-8423-53C3666B740B}
		{977EABD2-7223-43BB-AD8B-7DE525071F2A} = {5E974188-8102-4350-8423-53C3666B740B}
		{C2A8AB9E-0F5D-4C2C-A230-05C9A6520D92} = {5E974188-8102-4350-8423-53C3666B740B}
		{DB3DB4BB-A54D-43A2-8FF0-75E40B90A6A8} = {5E974188-8102-4350-8423-53C3666B740B}
		{F0A47FFF-1643-4E4D-84F4-9EF35C0303E4} = {4F134995-4DD6-4A59-959E-9B65BFD84179}
		{13B9EF33-B1B2-4BA7-B324-11494A8C9DA6} = {4F134995-4DD6-4A59-959E-9B65BFD84179}
		{F3E88F91-7DB5-459C-8347-37A1190296A5} = {4F134995-4DD6-4A59-959E-9B65BFD84179}
		{EFA8EA06-3E78-4CBA-A132-3682B783056B} = {4F134995-4DD6-4A59-959E-9B65BFD84179}
		{A9CA94BA-DAE2-475B-9583-2CC715CD787A} = {4F134995-4DD6-4A59-959E-9B65BFD84179}
		{948C203E-C866-47BC-A70D-0848AE03F9CA} = {4F134995-4DD6-4A59-959E-9B65BFD84179}
	EndGlobalSection
	GlobalSection(ExtensibilityGlobals) = postSolution
		SolutionGuid = {7444C727-2263-455F-92FE-500E7DF52897}
	EndGlobalSection
EndGlobal
