
Microsoft Visual Studio Solution File, Format Version 12.00
# Visual Studio Version 17
VisualStudioVersion = 17.9.34728.123
MinimumVisualStudioVersion = 10.0.40219.1
Project("{8BC9CEB8-8B4A-11D0-8D11-00A0C91BC942}") = "Task01_MASM", "Task01_MASM\Task01_MASM.vcxproj", "{B04FAB32-E480-4774-B587-8DEA46C0E56D}"
EndProject
Project("{8BC9CEB8-8B4A-11D0-8D11-00A0C91BC942}") = "Task02_MOV", "Task02_MOV\Task02_MOV.vcxproj", "{1FCA1E21-3AD5-46DB-B794-0E03CEAF5647}"
EndProject
Project("{8BC9CEB8-8B4A-11D0-8D11-00A0C91BC942}") = "Task03_constants_EQU", "Task03_constants_EQU\Task03_constants_EQU.vcxproj", "{A96250BC-E908-4B15-87ED-EB00DFF1F25C}"
EndProject
Project("{8BC9CEB8-8B4A-11D0-8D11-00A0C91BC942}") = "Task04_exchange_data_XCHG", "Task04_exchange_data_XCHG\Task04_exchange_data_XCHG.vcxproj", "{39AE7759-3ADF-4562-B3DB-E06E7F7B28C7}"
EndProject
Project("{8BC9CEB8-8B4A-11D0-8D11-00A0C91BC942}") = "Task05_ADD_SUB", "Task05_ADD_SUB\Task05_ADD_SUB.vcxproj", "{7A93CF9E-DEBA-4EAE-A4BC-207770314912}"
EndProject
Project("{8BC9CEB8-8B4A-11D0-8D11-00A0C91BC942}") = "Task06_INC_DEC_NEG", "Task06_INC_DEC_NEG\Task06_INC_DEC_NEG.vcxproj", "{D538EC7A-8699-4DAA-BDBE-87E5E376B282}"
EndProject
Project("{2150E333-8FDC-42A3-9474-1A3956D46DE8}") = "Getting_Started", "Getting_Started", "{C2A25F8E-C35D-4230-BF65-066266D14F92}"
EndProject
Project("{2150E333-8FDC-42A3-9474-1A3956D46DE8}") = "Performing_Arithmetic", "Performing_Arithmetic", "{AE51AA4A-A7F7-4B33-9424-159802880A6A}"
EndProject
Global
	GlobalSection(SolutionConfigurationPlatforms) = preSolution
		Debug|x64 = Debug|x64
		Debug|x86 = Debug|x86
		Release|x64 = Release|x64
		Release|x86 = Release|x86
	EndGlobalSection
	GlobalSection(ProjectConfigurationPlatforms) = postSolution
		{B04FAB32-E480-4774-B587-8DEA46C0E56D}.Debug|x64.ActiveCfg = Debug|x64
		{B04FAB32-E480-4774-B587-8DEA46C0E56D}.Debug|x64.Build.0 = Debug|x64
		{B04FAB32-E480-4774-B587-8DEA46C0E56D}.Debug|x86.ActiveCfg = Debug|Win32
		{B04FAB32-E480-4774-B587-8DEA46C0E56D}.Debug|x86.Build.0 = Debug|Win32
		{B04FAB32-E480-4774-B587-8DEA46C0E56D}.Release|x64.ActiveCfg = Release|x64
		{B04FAB32-E480-4774-B587-8DEA46C0E56D}.Release|x64.Build.0 = Release|x64
		{B04FAB32-E480-4774-B587-8DEA46C0E56D}.Release|x86.ActiveCfg = Release|Win32
		{B04FAB32-E480-4774-B587-8DEA46C0E56D}.Release|x86.Build.0 = Release|Win32
		{1FCA1E21-3AD5-46DB-B794-0E03CEAF5647}.Debug|x64.ActiveCfg = Debug|x64
		{1FCA1E21-3AD5-46DB-B794-0E03CEAF5647}.Debug|x64.Build.0 = Debug|x64
		{1FCA1E21-3AD5-46DB-B794-0E03CEAF5647}.Debug|x86.ActiveCfg = Debug|Win32
		{1FCA1E21-3AD5-46DB-B794-0E03CEAF5647}.Debug|x86.Build.0 = Debug|Win32
		{1FCA1E21-3AD5-46DB-B794-0E03CEAF5647}.Release|x64.ActiveCfg = Release|x64
		{1FCA1E21-3AD5-46DB-B794-0E03CEAF5647}.Release|x64.Build.0 = Release|x64
		{1FCA1E21-3AD5-46DB-B794-0E03CEAF5647}.Release|x86.ActiveCfg = Release|Win32
		{1FCA1E21-3AD5-46DB-B794-0E03CEAF5647}.Release|x86.Build.0 = Release|Win32
		{A96250BC-E908-4B15-87ED-EB00DFF1F25C}.Debug|x64.ActiveCfg = Debug|x64
		{A96250BC-E908-4B15-87ED-EB00DFF1F25C}.Debug|x64.Build.0 = Debug|x64
		{A96250BC-E908-4B15-87ED-EB00DFF1F25C}.Debug|x86.ActiveCfg = Debug|Win32
		{A96250BC-E908-4B15-87ED-EB00DFF1F25C}.Debug|x86.Build.0 = Debug|Win32
		{A96250BC-E908-4B15-87ED-EB00DFF1F25C}.Release|x64.ActiveCfg = Release|x64
		{A96250BC-E908-4B15-87ED-EB00DFF1F25C}.Release|x64.Build.0 = Release|x64
		{A96250BC-E908-4B15-87ED-EB00DFF1F25C}.Release|x86.ActiveCfg = Release|Win32
		{A96250BC-E908-4B15-87ED-EB00DFF1F25C}.Release|x86.Build.0 = Release|Win32
		{39AE7759-3ADF-4562-B3DB-E06E7F7B28C7}.Debug|x64.ActiveCfg = Debug|x64
		{39AE7759-3ADF-4562-B3DB-E06E7F7B28C7}.Debug|x64.Build.0 = Debug|x64
		{39AE7759-3ADF-4562-B3DB-E06E7F7B28C7}.Debug|x86.ActiveCfg = Debug|Win32
		{39AE7759-3ADF-4562-B3DB-E06E7F7B28C7}.Debug|x86.Build.0 = Debug|Win32
		{39AE7759-3ADF-4562-B3DB-E06E7F7B28C7}.Release|x64.ActiveCfg = Release|x64
		{39AE7759-3ADF-4562-B3DB-E06E7F7B28C7}.Release|x64.Build.0 = Release|x64
		{39AE7759-3ADF-4562-B3DB-E06E7F7B28C7}.Release|x86.ActiveCfg = Release|Win32
		{39AE7759-3ADF-4562-B3DB-E06E7F7B28C7}.Release|x86.Build.0 = Release|Win32
		{7A93CF9E-DEBA-4EAE-A4BC-207770314912}.Debug|x64.ActiveCfg = Debug|x64
		{7A93CF9E-DEBA-4EAE-A4BC-207770314912}.Debug|x64.Build.0 = Debug|x64
		{7A93CF9E-DEBA-4EAE-A4BC-207770314912}.Debug|x86.ActiveCfg = Debug|Win32
		{7A93CF9E-DEBA-4EAE-A4BC-207770314912}.Debug|x86.Build.0 = Debug|Win32
		{7A93CF9E-DEBA-4EAE-A4BC-207770314912}.Release|x64.ActiveCfg = Release|x64
		{7A93CF9E-DEBA-4EAE-A4BC-207770314912}.Release|x64.Build.0 = Release|x64
		{7A93CF9E-DEBA-4EAE-A4BC-207770314912}.Release|x86.ActiveCfg = Release|Win32
		{7A93CF9E-DEBA-4EAE-A4BC-207770314912}.Release|x86.Build.0 = Release|Win32
		{D538EC7A-8699-4DAA-BDBE-87E5E376B282}.Debug|x64.ActiveCfg = Debug|x64
		{D538EC7A-8699-4DAA-BDBE-87E5E376B282}.Debug|x64.Build.0 = Debug|x64
		{D538EC7A-8699-4DAA-BDBE-87E5E376B282}.Debug|x86.ActiveCfg = Debug|Win32
		{D538EC7A-8699-4DAA-BDBE-87E5E376B282}.Debug|x86.Build.0 = Debug|Win32
		{D538EC7A-8699-4DAA-BDBE-87E5E376B282}.Release|x64.ActiveCfg = Release|x64
		{D538EC7A-8699-4DAA-BDBE-87E5E376B282}.Release|x64.Build.0 = Release|x64
		{D538EC7A-8699-4DAA-BDBE-87E5E376B282}.Release|x86.ActiveCfg = Release|Win32
		{D538EC7A-8699-4DAA-BDBE-87E5E376B282}.Release|x86.Build.0 = Release|Win32
	EndGlobalSection
	GlobalSection(SolutionProperties) = preSolution
		HideSolutionNode = FALSE
	EndGlobalSection
	GlobalSection(NestedProjects) = preSolution
		{B04FAB32-E480-4774-B587-8DEA46C0E56D} = {C2A25F8E-C35D-4230-BF65-066266D14F92}
		{1FCA1E21-3AD5-46DB-B794-0E03CEAF5647} = {C2A25F8E-C35D-4230-BF65-066266D14F92}
		{A96250BC-E908-4B15-87ED-EB00DFF1F25C} = {C2A25F8E-C35D-4230-BF65-066266D14F92}
		{39AE7759-3ADF-4562-B3DB-E06E7F7B28C7} = {C2A25F8E-C35D-4230-BF65-066266D14F92}
		{7A93CF9E-DEBA-4EAE-A4BC-207770314912} = {AE51AA4A-A7F7-4B33-9424-159802880A6A}
		{D538EC7A-8699-4DAA-BDBE-87E5E376B282} = {AE51AA4A-A7F7-4B33-9424-159802880A6A}
	EndGlobalSection
	GlobalSection(ExtensibilityGlobals) = postSolution
		SolutionGuid = {7444C727-2263-455F-92FE-500E7DF52897}
	EndGlobalSection
EndGlobal
